Microsoft Visual Studio Solution File, Format Version 11.00
# Visual Studio 2008

Project("{67771E8E-D343-DEBA-5131-03E92D2A860E}") = "TeamWizard", "Assembly-CSharp.csproj", "{B563DC3C-8E4A-2A30-B56A-F0D3970EE0B6}"
EndProject
Project("{67771E8E-D343-DEBA-5131-03E92D2A860E}") = "TeamWizard", "Assembly-CSharp-Editor.csproj", "{E037FE27-4A9E-A3C5-2EA4-F7C7C6DE7037}"
EndProject
Global
	GlobalSection(SolutionConfigurationPlatforms) = preSolution
		Debug|Any CPU = Debug|Any CPU
		Release|Any CPU = Release|Any CPU
	EndGlobalSection
	GlobalSection(ProjectConfigurationPlatforms) = postSolution
		{B563DC3C-8E4A-2A30-B56A-F0D3970EE0B6}.Debug|Any CPU.ActiveCfg = Debug|Any CPU
		{B563DC3C-8E4A-2A30-B56A-F0D3970EE0B6}.Debug|Any CPU.Build.0 = Debug|Any CPU
		{B563DC3C-8E4A-2A30-B56A-F0D3970EE0B6}.Release|Any CPU.ActiveCfg = Release|Any CPU
		{B563DC3C-8E4A-2A30-B56A-F0D3970EE0B6}.Release|Any CPU.Build.0 = Release|Any CPU
		{E037FE27-4A9E-A3C5-2EA4-F7C7C6DE7037}.Debug|Any CPU.ActiveCfg = Debug|Any CPU
		{E037FE27-4A9E-A3C5-2EA4-F7C7C6DE7037}.Debug|Any CPU.Build.0 = Debug|Any CPU
		{E037FE27-4A9E-A3C5-2EA4-F7C7C6DE7037}.Release|Any CPU.ActiveCfg = Release|Any CPU
		{E037FE27-4A9E-A3C5-2EA4-F7C7C6DE7037}.Release|Any CPU.Build.0 = Release|Any CPU
	EndGlobalSection
	GlobalSection(SolutionProperties) = preSolution
		HideSolutionNode = FALSE
	EndGlobalSection
	GlobalSection(MonoDevelopProperties) = preSolution
		StartupItem = Assembly-CSharp.csproj
		Policies = $0
		$0.TextStylePolicy = $1
		$1.inheritsSet = null
		$1.scope = text/x-csharp
		$0.CSharpFormattingPolicy = $2
		$2.inheritsSet = Mono
		$2.inheritsScope = text/x-csharp
		$2.scope = text/x-csharp
		$0.TextStylePolicy = $3
		$3.FileWidth = 120
		$3.TabWidth = 4
		$3.EolMarker = Unix
		$3.inheritsSet = Mono
		$3.inheritsScope = text/plain
		$3.scope = text/plain
	EndGlobalSection
EndGlobal
